
Microsoft Visual Studio Solution File, Format Version 12.00
# Visual Studio Version 16
VisualStudioVersion = 16.0.29230.47
MinimumVisualStudioVersion = 10.0.40219.1
Project("{FAE04EC0-301F-11D3-BF4B-00C04F79EFBC}") = "WindowsFormsApp1", "WindowsFormsApp1\WindowsFormsApp1.csproj", "{DBD777A8-4F3E-44E2-8682-309AEE401EA5}"
EndProject
Global
	GlobalSection(SolutionConfigurationPlatforms) = preSolution
		Debug|Any CPU = Debug|Any CPU
		Release|Any CPU = Release|Any CPU
	EndGlobalSection
	GlobalSection(ProjectConfigurationPlatforms) = postSolution
		{DBD777A8-4F3E-44E2-8682-309AEE401EA5}.Debug|Any CPU.ActiveCfg = Debug|Any CPU
		{DBD777A8-4F3E-44E2-8682-309AEE401EA5}.Debug|Any CPU.Build.0 = Debug|Any CPU
		{DBD777A8-4F3E-44E2-8682-309AEE401EA5}.Release|Any CPU.ActiveCfg = Release|Any CPU
		{DBD777A8-4F3E-44E2-8682-309AEE401EA5}.Release|Any CPU.Build.0 = Release|Any CPU
	EndGlobalSection
	GlobalSection(SolutionProperties) = preSolution
		HideSolutionNode = FALSE
	EndGlobalSection
	GlobalSection(ExtensibilityGlobals) = postSolution
		SolutionGuid = {52D35636-7320-4160-9ABF-DE12E39C953E}
	EndGlobalSection
EndGlobal
